dependencies:
  idf:
    source:
      type: idf
    version: 5.4.0
  tuliocharles/esp-Loggernet:
    dependencies:
    - name: idf
      version: '>=4.4'
    source:
      path: D:\SSD\DATA\projetos_versao_0\RealTimerEmbarcados\EFM\final\component\esp-Loggernet
      type: local
    version: 0.0.0
direct_dependencies:
- tuliocharles/esp-Loggernet
manifest_hash: 9c9a69d0c8c8160889d9bf7e42bdb211824e305ece6be85d8b38f4ac6fb8ee23
target: esp32
version: 2.0.0
